// !$*UTF8*$!
{
	archiveVersion = 1;
	classes = {
	};
	objectVersion = 45;
	objects = {

/* Begin PBXBuildFile section */
		8DD76F650486A84900D96B5E /* main.cpp in Sources */ = {isa = PBXBuildFile; fileRef = 08FB7796FE84155DC02AAC07 /* main.cpp */; settings = {ATTRIBUTES = (); }; };
		8DD76F6A0486A84900D96B5E /* Chapter 14 Drill - Virtual Functions.1 in CopyFiles */ = {isa = PBXBuildFile; fileRef = C6859E8B029090EE04C91782 /* Chapter 14 Drill - Virtual Functions.1 */; };
		DAAA4D1F109B8E3B00C570EF /* B1.cpp in Sources */ = {isa = PBXBuildFile; fileRef = DAAA4D1E109B8E3B00C570EF /* B1.cpp */; };
		DAAA4D29109B8FC700C570EF /* D1.cpp in Sources */ = {isa = PBXBuildFile; fileRef = DAAA4D28109B8FC700C570EF /* D1.cpp */; };
		DAAA4D50109B948E00C570EF /* D2.cpp in Sources */ = {isa = PBXBuildFile; fileRef = DAAA4D4F109B948E00C570EF /* D2.cpp */; };
		DAAA4D57109B95FA00C570EF /* B2.cpp in Sources */ = {isa = PBXBuildFile; fileRef = DAAA4D56109B95FA00C570EF /* B2.cpp */; };
		DAAA4D5A109B966300C570EF /* D21.cpp in Sources */ = {isa = PBXBuildFile; fileRef = DAAA4D59109B966300C570EF /* D21.cpp */; };
		DAAA4D5D109B975000C570EF /* D22.cpp in Sources */ = {isa = PBXBuildFile; fileRef = DAAA4D5C109B975000C570EF /* D22.cpp */; };
/* End PBXBuildFile section */

/* Begin PBXCopyFilesBuildPhase section */
		8DD76F690486A84900D96B5E /* CopyFiles */ = {
			isa = PBXCopyFilesBuildPhase;
			buildActionMask = 8;
			dstPath = /usr/share/man/man1/;
			dstSubfolderSpec = 0;
			files = (
				8DD76F6A0486A84900D96B5E /* Chapter 14 Drill - Virtual Functions.1 in CopyFiles */,
			);
			runOnlyForDeploymentPostprocessing = 1;
		};
/* End PBXCopyFilesBuildPhase section */

/* Begin PBXFileReference section */
		08FB7796FE84155DC02AAC07 /* main.cpp */ = {isa = PBXFileReference; fileEncoding = 4; lastKnownFileType = sourcecode.cpp.cpp; path = main.cpp; sourceTree = "<group>"; };
		C6859E8B029090EE04C91782 /* Chapter 14 Drill - Virtual Functions.1 */ = {isa = PBXFileReference; explicitFileType = text.man; path = "Chapter 14 Drill - Virtual Functions.1"; sourceTree = "<group>"; };
		DAAA4D1D109B8E3B00C570EF /* B1.h */ = {isa = PBXFileReference; fileEncoding = 4; lastKnownFileType = sourcecode.c.h; path = B1.h; sourceTree = "<group>"; };
		DAAA4D1E109B8E3B00C570EF /* B1.cpp */ = {isa = PBXFileReference; fileEncoding = 4; lastKnownFileType = sourcecode.cpp.cpp; path = B1.cpp; sourceTree = "<group>"; };
		DAAA4D27109B8FC700C570EF /* D1.h */ = {isa = PBXFileReference; fileEncoding = 4; lastKnownFileType = sourcecode.c.h; path = D1.h; sourceTree = "<group>"; };
		DAAA4D28109B8FC700C570EF /* D1.cpp */ = {isa = PBXFileReference; fileEncoding = 4; lastKnownFileType = sourcecode.cpp.cpp; path = D1.cpp; sourceTree = "<group>"; };
		DAAA4D4E109B948E00C570EF /* D2.h */ = {isa = PBXFileReference; fileEncoding = 4; lastKnownFileType = sourcecode.c.h; path = D2.h; sourceTree = "<group>"; };
		DAAA4D4F109B948E00C570EF /* D2.cpp */ = {isa = PBXFileReference; fileEncoding = 4; lastKnownFileType = sourcecode.cpp.cpp; path = D2.cpp; sourceTree = "<group>"; };
		DAAA4D55109B95FA00C570EF /* B2.h */ = {isa = PBXFileReference; fileEncoding = 4; lastKnownFileType = sourcecode.c.h; path = B2.h; sourceTree = "<group>"; };
		DAAA4D56109B95FA00C570EF /* B2.cpp */ = {isa = PBXFileReference; fileEncoding = 4; lastKnownFileType = sourcecode.cpp.cpp; path = B2.cpp; sourceTree = "<group>"; };
		DAAA4D58109B966300C570EF /* D21.h */ = {isa = PBXFileReference; fileEncoding = 4; lastKnownFileType = sourcecode.c.h; path = D21.h; sourceTree = "<group>"; };
		DAAA4D59109B966300C570EF /* D21.cpp */ = {isa = PBXFileReference; fileEncoding = 4; lastKnownFileType = sourcecode.cpp.cpp; path = D21.cpp; sourceTree = "<group>"; };
		DAAA4D5B109B975000C570EF /* D22.h */ = {isa = PBXFileReference; fileEncoding = 4; lastKnownFileType = sourcecode.c.h; path = D22.h; sourceTree = "<group>"; };
		DAAA4D5C109B975000C570EF /* D22.cpp */ = {isa = PBXFileReference; fileEncoding = 4; lastKnownFileType = sourcecode.cpp.cpp; path = D22.cpp; sourceTree = "<group>"; };
		DAE65DDA104E60FF00FCB047 /* Chapter 14 Drill - Virtual Functions */ = {isa = PBXFileReference; explicitFileType = "compiled.mach-o.executable"; includeInIndex = 0; path = "Chapter 14 Drill - Virtual Functions"; sourceTree = BUILT_PRODUCTS_DIR; };
/* End PBXFileReference section */

/* Begin PBXFrameworksBuildPhase section */
		8DD76F660486A84900D96B5E /* Frameworks */ = {
			isa = PBXFrameworksBuildPhase;
			buildActionMask = 2147483647;
			files = (
			);
			runOnlyForDeploymentPostprocessing = 0;
		};
/* End PBXFrameworksBuildPhase section */

/* Begin PBXGroup section */
		08FB7794FE84155DC02AAC07 /* CSDefaultTemplate */ = {
			isa = PBXGroup;
			children = (
				08FB7795FE84155DC02AAC07 /* Source */,
				C6859E8C029090F304C91782 /* Documentation */,
				1AB674ADFE9D54B511CA2CBB /* Products */,
			);
			name = CSDefaultTemplate;
			sourceTree = "<group>";
		};
		08FB7795FE84155DC02AAC07 /* Source */ = {
			isa = PBXGroup;
			children = (
				DAAA4D58109B966300C570EF /* D21.h */,
				DAAA4D59109B966300C570EF /* D21.cpp */,
				08FB7796FE84155DC02AAC07 /* main.cpp */,
				DAAA4D1D109B8E3B00C570EF /* B1.h */,
				DAAA4D1E109B8E3B00C570EF /* B1.cpp */,
				DAAA4D27109B8FC700C570EF /* D1.h */,
				DAAA4D28109B8FC700C570EF /* D1.cpp */,
				DAAA4D4E109B948E00C570EF /* D2.h */,
				DAAA4D4F109B948E00C570EF /* D2.cpp */,
				DAAA4D55109B95FA00C570EF /* B2.h */,
				DAAA4D56109B95FA00C570EF /* B2.cpp */,
				DAAA4D5B109B975000C570EF /* D22.h */,
				DAAA4D5C109B975000C570EF /* D22.cpp */,
			);
			name = Source;
			sourceTree = "<group>";
		};
		1AB674ADFE9D54B511CA2CBB /* Products */ = {
			isa = PBXGroup;
			children = (
				DAE65DDA104E60FF00FCB047 /* Chapter 14 Drill - Virtual Functions */,
			);
			name = Products;
			sourceTree = "<group>";
		};
		C6859E8C029090F304C91782 /* Documentation */ = {
			isa = PBXGroup;
			children = (
				C6859E8B029090EE04C91782 /* Chapter 14 Drill - Virtual Functions.1 */,
			);
			name = Documentation;
			sourceTree = "<group>";
		};
/* End PBXGroup section */

/* Begin PBXNativeTarget section */
		8DD76F620486A84900D96B5E /* Chapter 14 Drill - Virtual Functions */ = {
			isa = PBXNativeTarget;
			buildConfigurationList = 1DEB923108733DC60010E9CD /* Build configuration list for PBXNativeTarget "Chapter 14 Drill - Virtual Functions" */;
			buildPhases = (
				8DD76F640486A84900D96B5E /* Sources */,
				8DD76F660486A84900D96B5E /* Frameworks */,
				8DD76F690486A84900D96B5E /* CopyFiles */,
			);
			buildRules = (
			);
			dependencies = (
			);
			name = "Chapter 14 Drill - Virtual Functions";
			productInstallPath = "$(HOME)/bin";
			productName = CSDefaultTemplate;
			productReference = DAE65DDA104E60FF00FCB047 /* Chapter 14 Drill - Virtual Functions */;
			productType = "com.apple.product-type.tool";
		};
/* End PBXNativeTarget section */

/* Begin PBXProject section */
		08FB7793FE84155DC02AAC07 /* Project object */ = {
			isa = PBXProject;
			attributes = {
				ORGANIZATIONNAME = FSDEV;
			};
			buildConfigurationList = 1DEB923508733DC60010E9CD /* Build configuration list for PBXProject "Chapter 14 Drill - Virtual Functions" */;
			compatibilityVersion = "Xcode 3.1";
			hasScannedForEncodings = 1;
			mainGroup = 08FB7794FE84155DC02AAC07 /* CSDefaultTemplate */;
			projectDirPath = "";
			projectRoot = "";
			targets = (
				8DD76F620486A84900D96B5E /* Chapter 14 Drill - Virtual Functions */,
			);
		};
/* End PBXProject section */

/* Begin PBXSourcesBuildPhase section */
		8DD76F640486A84900D96B5E /* Sources */ = {
			isa = PBXSourcesBuildPhase;
			buildActionMask = 2147483647;
			files = (
				8DD76F650486A84900D96B5E /* main.cpp in Sources */,
				DAAA4D1F109B8E3B00C570EF /* B1.cpp in Sources */,
				DAAA4D29109B8FC700C570EF /* D1.cpp in Sources */,
				DAAA4D50109B948E00C570EF /* D2.cpp in Sources */,
				DAAA4D57109B95FA00C570EF /* B2.cpp in Sources */,
				DAAA4D5A109B966300C570EF /* D21.cpp in Sources */,
				DAAA4D5D109B975000C570EF /* D22.cpp in Sources */,
			);
			runOnlyForDeploymentPostprocessing = 0;
		};
/* End PBXSourcesBuildPhase section */

/* Begin XCBuildConfiguration section */
		1DEB923208733DC60010E9CD /* Debug */ = {
			isa = XCBuildConfiguration;
			buildSettings = {
				ALWAYS_SEARCH_USER_PATHS = NO;
				COPY_PHASE_STRIP = NO;
				GCC_DYNAMIC_NO_PIC = NO;
				GCC_ENABLE_FIX_AND_CONTINUE = YES;
				GCC_MODEL_TUNING = G5;
				GCC_OPTIMIZATION_LEVEL = 0;
				GCC_PREPROCESSOR_DEFINITIONS = (
					"_GLIBCXX_DEBUG=1",
					"_GLIBCXX_DEBUG_PEDANTIC=1",
				);
				INSTALL_PATH = /usr/local/bin;
				PRODUCT_NAME = "Chapter 14 Drill - Virtual Functions";
			};
			name = Debug;
		};
		1DEB923308733DC60010E9CD /* Release */ = {
			isa = XCBuildConfiguration;
			buildSettings = {
				ALWAYS_SEARCH_USER_PATHS = NO;
				DEBUG_INFORMATION_FORMAT = "dwarf-with-dsym";
				GCC_MODEL_TUNING = G5;
				INSTALL_PATH = /usr/local/bin;
				PRODUCT_NAME = "Chapter 14 Drill - Virtual Functions";
			};
			name = Release;
		};
		1DEB923608733DC60010E9CD /* Debug */ = {
			isa = XCBuildConfiguration;
			buildSettings = {
				ARCHS = "$(ARCHS_STANDARD_32_64_BIT)";
				GCC_C_LANGUAGE_STANDARD = gnu99;
				GCC_OPTIMIZATION_LEVEL = 0;
				GCC_VERSION = com.apple.compilers.llvmgcc42;
				GCC_WARN_ABOUT_RETURN_TYPE = YES;
				GCC_WARN_UNUSED_VARIABLE = YES;
				ONLY_ACTIVE_ARCH = YES;
				PREBINDING = NO;
				SDKROOT = macosx10.5;
				VERSIONING_SYSTEM = "";
			};
			name = Debug;
		};
		1DEB923708733DC60010E9CD /* Release */ = {
			isa = XCBuildConfiguration;
			buildSettings = {
				ARCHS = "$(ARCHS_STANDARD_32_64_BIT)";
				GCC_C_LANGUAGE_STANDARD = gnu99;
				GCC_VERSION = com.apple.compilers.llvmgcc42;
				GCC_WARN_ABOUT_RETURN_TYPE = YES;
				GCC_WARN_UNUSED_VARIABLE = YES;
				PREBINDING = NO;
				SDKROOT = macosx10.5;
				VERSIONING_SYSTEM = "";
			};
			name = Release;
		};
/* End XCBuildConfiguration section */

/* Begin XCConfigurationList section */
		1DEB923108733DC60010E9CD /* Build configuration list for PBXNativeTarget "Chapter 14 Drill - Virtual Functions" */ = {
			isa = XCConfigurationList;
			buildConfigurations = (
				1DEB923208733DC60010E9CD /* Debug */,
				1DEB923308733DC60010E9CD /* Release */,
			);
			defaultConfigurationIsVisible = 0;
			defaultConfigurationName = Release;
		};
		1DEB923508733DC60010E9CD /* Build configuration list for PBXProject "Chapter 14 Drill - Virtual Functions" */ = {
			isa = XCConfigurationList;
			buildConfigurations = (
				1DEB923608733DC60010E9CD /* Debug */,
				1DEB923708733DC60010E9CD /* Release */,
			);
			defaultConfigurationIsVisible = 0;
			defaultConfigurationName = Release;
		};
/* End XCConfigurationList section */
	};
	rootObject = 08FB7793FE84155DC02AAC07 /* Project object */;
}
